PODS:
  - BFOAuth (1.0.1)
  - CloudSight (1.0.4):
    - BFOAuth (~> 1.0)
    - RequestUtils (~> 1.1)
  - RequestUtils (1.1.2)
  - SwiftyJSON (3.1.4)

DEPENDENCIES:
  - CloudSight (~> 1.0)
  - SwiftyJSON (~> 3.1)

SPEC CHECKSUMS:
  BFOAuth: e3c2e4eaae862a89bc301ed6f292d3cd0d6a107b
  CloudSight: cbf69900984e30d16498d8282c1cd13b844c0071
  RequestUtils: 0f04f89abca3936c6566e2f4c3ce5d252036bc89
  SwiftyJSON: c2842d878f95482ffceec5709abc3d05680c0220

PODFILE CHECKSUM: f645f67f6118b0b43e7658346a1d2da536ced807

COCOAPODS: 1.4.0
