// !$*UTF8*$!
{
	archiveVersion = 1;
	classes = {
	};
	objectVersion = 48;
	objects = {

/* Begin PBXBuildFile section */
		0C18F8F120AB5611004CE76F /* startViewController.swift in Sources */ = {isa = PBXBuildFile; fileRef = 0C18F8F020AB5611004CE76F /* startViewController.swift */; };
		0C211BC42098E20500266669 /* AppDelegate.swift in Sources */ = {isa = PBXBuildFile; fileRef = 0C211BC32098E20500266669 /* AppDelegate.swift */; };
		0C211BC62098E20500266669 /* AnalyzeController.swift in Sources */ = {isa = PBXBuildFile; fileRef = 0C211BC52098E20500266669 /* AnalyzeController.swift */; };
		0C211BC92098E20500266669 /* Main.storyboard in Resources */ = {isa = PBXBuildFile; fileRef = 0C211BC72098E20500266669 /* Main.storyboard */; };
		0C211BCB2098E20500266669 /* Assets.xcassets in Resources */ = {isa = PBXBuildFile; fileRef = 0C211BCA2098E20500266669 /* Assets.xcassets */; };
		0C211BCE2098E20500266669 /* LaunchScreen.storyboard in Resources */ = {isa = PBXBuildFile; fileRef = 0C211BCC2098E20500266669 /* LaunchScreen.storyboard */; };
		0C211BD92098E20600266669 /* Imago_CaptureTests.swift in Sources */ = {isa = PBXBuildFile; fileRef = 0C211BD82098E20600266669 /* Imago_CaptureTests.swift */; };
		0C211BE42098E20600266669 /* Imago_CaptureUITests.swift in Sources */ = {isa = PBXBuildFile; fileRef = 0C211BE32098E20600266669 /* Imago_CaptureUITests.swift */; };
		0C6E5BC820AF4F08001A9CE5 /* imagePreviewVC.swift in Sources */ = {isa = PBXBuildFile; fileRef = 0C6E5BC720AF4F08001A9CE5 /* imagePreviewVC.swift */; };
		0C840820209CD9C400902692 /* MenuView.swift in Sources */ = {isa = PBXBuildFile; fileRef = 0C84081F209CD9C400902692 /* MenuView.swift */; };
		0C840822209CDBA900902692 /* roundedButton.swift in Sources */ = {isa = PBXBuildFile; fileRef = 0C840821209CDBA900902692 /* roundedButton.swift */; };
		0C9D3A8B20ADF8A7001FB47F /* yourPhotosViewController.swift in Sources */ = {isa = PBXBuildFile; fileRef = 0C9D3A8A20ADF8A7001FB47F /* yourPhotosViewController.swift */; };
		0CAC88872098E5AA00C5D44F /* iPad-Storyboard.storyboard in Resources */ = {isa = PBXBuildFile; fileRef = 0CAC88862098E5AA00C5D44F /* iPad-Storyboard.storyboard */; };
		2B6992D220B2271000F445BD /* Inceptionv3.mlmodel in Sources */ = {isa = PBXBuildFile; fileRef = 2B6992D120B2270F00F445BD /* Inceptionv3.mlmodel */; };
		69F024B8FCC3AB76386266C5 /* Pods_Imago_Capture.framework in Frameworks */ = {isa = PBXBuildFile; fileRef = 09C138F521A17485D0A7FECB /* Pods_Imago_Capture.framework */; };
		BF1B07966807C1022C291A43 /* Pods_Imago_CaptureUITests.framework in Frameworks */ = {isa = PBXBuildFile; fileRef = A24C1E54F03309262C021F92 /* Pods_Imago_CaptureUITests.framework */; };
		D525F74E8DB929A1EC7E8226 /* Pods_Imago_CaptureTests.framework in Frameworks */ = {isa = PBXBuildFile; fileRef = 78E687C212D03F6CEC95AED1 /* Pods_Imago_CaptureTests.framework */; };
/* End PBXBuildFile section */

/* Begin PBXContainerItemProxy section */
		0C211BD52098E20600266669 /* PBXContainerItemProxy */ = {
			isa = PBXContainerItemProxy;
			containerPortal = 0C211BB82098E20500266669 /* Project object */;
			proxyType = 1;
			remoteGlobalIDString = 0C211BBF2098E20500266669;
			remoteInfo = "Imago Capture";
		};
		0C211BE02098E20600266669 /* PBXContainerItemProxy */ = {
			isa = PBXContainerItemProxy;
			containerPortal = 0C211BB82098E20500266669 /* Project object */;
			proxyType = 1;
			remoteGlobalIDString = 0C211BBF2098E20500266669;
			remoteInfo = "Imago Capture";
		};
/* End PBXContainerItemProxy section */

/* Begin PBXCopyFilesBuildPhase section */
		0C0ADF2220A0D1A8001869B7 /* Embed Watch Content */ = {
			isa = PBXCopyFilesBuildPhase;
			buildActionMask = 2147483647;
			dstPath = "$(CONTENTS_FOLDER_PATH)/Watch";
			dstSubfolderSpec = 16;
			files = (
			);
			name = "Embed Watch Content";
			runOnlyForDeploymentPostprocessing = 0;
		};
/* End PBXCopyFilesBuildPhase section */

/* Begin PBXFileReference section */
		09C138F521A17485D0A7FECB /* Pods_Imago_Capture.framework */ = {isa = PBXFileReference; explicitFileType = wrapper.framework; includeInIndex = 0; path = Pods_Imago_Capture.framework; sourceTree = BUILT_PRODUCTS_DIR; };
		0C18F8F020AB5611004CE76F /* startViewController.swift */ = {isa = PBXFileReference; lastKnownFileType = sourcecode.swift; path = startViewController.swift; sourceTree = "<group>"; };
		0C211BC02098E20500266669 /* Imago Capture.app */ = {isa = PBXFileReference; explicitFileType = wrapper.application; includeInIndex = 0; path = "Imago Capture.app"; sourceTree = BUILT_PRODUCTS_DIR; };
		0C211BC32098E20500266669 /* AppDelegate.swift */ = {isa = PBXFileReference; lastKnownFileType = sourcecode.swift; path = AppDelegate.swift; sourceTree = "<group>"; };
		0C211BC52098E20500266669 /* AnalyzeController.swift */ = {isa = PBXFileReference; lastKnownFileType = sourcecode.swift; path = AnalyzeController.swift; sourceTree = "<group>"; };
		0C211BC82098E20500266669 /* Base */ = {isa = PBXFileReference; lastKnownFileType = file.storyboard; name = Base; path = Base.lproj/Main.storyboard; sourceTree = "<group>"; };
		0C211BCA2098E20500266669 /* Assets.xcassets */ = {isa = PBXFileReference; lastKnownFileType = folder.assetcatalog; path = Assets.xcassets; sourceTree = "<group>"; };
		0C211BCD2098E20500266669 /* Base */ = {isa = PBXFileReference; lastKnownFileType = file.storyboard; name = Base; path = Base.lproj/LaunchScreen.storyboard; sourceTree = "<group>"; };
		0C211BCF2098E20500266669 /* Info.plist */ = {isa = PBXFileReference; lastKnownFileType = text.plist.xml; path = Info.plist; sourceTree = "<group>"; };
		0C211BD42098E20600266669 /* Imago CaptureTests.xctest */ = {isa = PBXFileReference; explicitFileType = wrapper.cfbundle; includeInIndex = 0; path = "Imago CaptureTests.xctest"; sourceTree = BUILT_PRODUCTS_DIR; };
		0C211BD82098E20600266669 /* Imago_CaptureTests.swift */ = {isa = PBXFileReference; lastKnownFileType = sourcecode.swift; path = Imago_CaptureTests.swift; sourceTree = "<group>"; };
		0C211BDA2098E20600266669 /* Info.plist */ = {isa = PBXFileReference; lastKnownFileType = text.plist.xml; path = Info.plist; sourceTree = "<group>"; };
		0C211BDF2098E20600266669 /* Imago CaptureUITests.xctest */ = {isa = PBXFileReference; explicitFileType = wrapper.cfbundle; includeInIndex = 0; path = "Imago CaptureUITests.xctest"; sourceTree = BUILT_PRODUCTS_DIR; };
		0C211BE32098E20600266669 /* Imago_CaptureUITests.swift */ = {isa = PBXFileReference; lastKnownFileType = sourcecode.swift; path = Imago_CaptureUITests.swift; sourceTree = "<group>"; };
		0C211BE52098E20600266669 /* Info.plist */ = {isa = PBXFileReference; lastKnownFileType = text.plist.xml; path = Info.plist; sourceTree = "<group>"; };
		0C6E5BC720AF4F08001A9CE5 /* imagePreviewVC.swift */ = {isa = PBXFileReference; lastKnownFileType = sourcecode.swift; path = imagePreviewVC.swift; sourceTree = "<group>"; };
		0C84081F209CD9C400902692 /* MenuView.swift */ = {isa = PBXFileReference; lastKnownFileType = sourcecode.swift; path = MenuView.swift; sourceTree = "<group>"; };
		0C840821209CDBA900902692 /* roundedButton.swift */ = {isa = PBXFileReference; lastKnownFileType = sourcecode.swift; path = roundedButton.swift; sourceTree = "<group>"; };
		0C9D3A8A20ADF8A7001FB47F /* yourPhotosViewController.swift */ = {isa = PBXFileReference; lastKnownFileType = sourcecode.swift; path = yourPhotosViewController.swift; sourceTree = "<group>"; };
		0CAC88862098E5AA00C5D44F /* iPad-Storyboard.storyboard */ = {isa = PBXFileReference; lastKnownFileType = file.storyboard; path = "iPad-Storyboard.storyboard"; sourceTree = "<group>"; };
		2B6992C220B216AD00F445BD /* ImageConverter.h */ = {isa = PBXFileReference; lastKnownFileType = sourcecode.c.h; path = ImageConverter.h; sourceTree = "<group>"; };
		2B6992C320B216D400F445BD /* Imago Capture-Bridging-Header.h */ = {isa = PBXFileReference; lastKnownFileType = sourcecode.c.h; path = "Imago Capture-Bridging-Header.h"; sourceTree = "<group>"; };
		2B6992C420B216D500F445BD /* NSObject+ImageConverter.h */ = {isa = PBXFileReference; lastKnownFileType = sourcecode.c.h; path = "NSObject+ImageConverter.h"; sourceTree = "<group>"; };
		2B6992D020B219A600F445BD /* CaptureController.swift */ = {isa = PBXFileReference; lastKnownFileType = sourcecode.swift; path = CaptureController.swift; sourceTree = "<group>"; };
		2B6992D120B2270F00F445BD /* Inceptionv3.mlmodel */ = {isa = PBXFileReference; lastKnownFileType = file.mlmodel; path = Inceptionv3.mlmodel; sourceTree = "<group>"; };
		2BD471618F9EEEB99F2E28F8 /* Pods-Imago Capture.release.xcconfig */ = {isa = PBXFileReference; includeInIndex = 1; lastKnownFileType = text.xcconfig; name = "Pods-Imago Capture.release.xcconfig"; path = "Pods/Target Support Files/Pods-Imago Capture/Pods-Imago Capture.release.xcconfig"; sourceTree = "<group>"; };
		2D16FAA04CED84404851E8B0 /* Pods-Imago CaptureTests.release.xcconfig */ = {isa = PBXFileReference; includeInIndex = 1; lastKnownFileType = text.xcconfig; name = "Pods-Imago CaptureTests.release.xcconfig"; path = "Pods/Target Support Files/Pods-Imago CaptureTests/Pods-Imago CaptureTests.release.xcconfig"; sourceTree = "<group>"; };
		78E687C212D03F6CEC95AED1 /* Pods_Imago_CaptureTests.framework */ = {isa = PBXFileReference; explicitFileType = wrapper.framework; includeInIndex = 0; path = Pods_Imago_CaptureTests.framework; sourceTree = BUILT_PRODUCTS_DIR; };
		A112A5607245AEEF9DF4423F /* Pods-Imago CaptureTests.debug.xcconfig */ = {isa = PBXFileReference; includeInIndex = 1; lastKnownFileType = text.xcconfig; name = "Pods-Imago CaptureTests.debug.xcconfig"; path = "Pods/Target Support Files/Pods-Imago CaptureTests/Pods-Imago CaptureTests.debug.xcconfig"; sourceTree = "<group>"; };
		A24C1E54F03309262C021F92 /* Pods_Imago_CaptureUITests.framework */ = {isa = PBXFileReference; explicitFileType = wrapper.framework; includeInIndex = 0; path = Pods_Imago_CaptureUITests.framework; sourceTree = BUILT_PRODUCTS_DIR; };
		B1354B9AF57116B903106963 /* Pods-Imago Capture.debug.xcconfig */ = {isa = PBXFileReference; includeInIndex = 1; lastKnownFileType = text.xcconfig; name = "Pods-Imago Capture.debug.xcconfig"; path = "Pods/Target Support Files/Pods-Imago Capture/Pods-Imago Capture.debug.xcconfig"; sourceTree = "<group>"; };
		E397BEFFDD12525E10229B74 /* Pods-Imago CaptureUITests.debug.xcconfig */ = {isa = PBXFileReference; includeInIndex = 1; lastKnownFileType = text.xcconfig; name = "Pods-Imago CaptureUITests.debug.xcconfig"; path = "Pods/Target Support Files/Pods-Imago CaptureUITests/Pods-Imago CaptureUITests.debug.xcconfig"; sourceTree = "<group>"; };
		E807DECE59BE988C18D89DCD /* Pods-Imago CaptureUITests.release.xcconfig */ = {isa = PBXFileReference; includeInIndex = 1; lastKnownFileType = text.xcconfig; name = "Pods-Imago CaptureUITests.release.xcconfig"; path = "Pods/Target Support Files/Pods-Imago CaptureUITests/Pods-Imago CaptureUITests.release.xcconfig"; sourceTree = "<group>"; };
/* End PBXFileReference section */

/* Begin PBXFrameworksBuildPhase section */
		0C211BBD2098E20500266669 /* Frameworks */ = {
			isa = PBXFrameworksBuildPhase;
			buildActionMask = 2147483647;
			files = (
				69F024B8FCC3AB76386266C5 /* Pods_Imago_Capture.framework in Frameworks */,
			);
			runOnlyForDeploymentPostprocessing = 0;
		};
		0C211BD12098E20600266669 /* Frameworks */ = {
			isa = PBXFrameworksBuildPhase;
			buildActionMask = 2147483647;
			files = (
				D525F74E8DB929A1EC7E8226 /* Pods_Imago_CaptureTests.framework in Frameworks */,
			);
			runOnlyForDeploymentPostprocessing = 0;
		};
		0C211BDC2098E20600266669 /* Frameworks */ = {
			isa = PBXFrameworksBuildPhase;
			buildActionMask = 2147483647;
			files = (
				BF1B07966807C1022C291A43 /* Pods_Imago_CaptureUITests.framework in Frameworks */,
			);
			runOnlyForDeploymentPostprocessing = 0;
		};
/* End PBXFrameworksBuildPhase section */

/* Begin PBXGroup section */
		0C211BB72098E20500266669 = {
			isa = PBXGroup;
			children = (
				0C211BC22098E20500266669 /* Imago Capture */,
				0C211BD72098E20600266669 /* Imago CaptureTests */,
				0C211BE22098E20600266669 /* Imago CaptureUITests */,
				0C211BC12098E20500266669 /* Products */,
				957822ECC5D53F90C0E77603 /* Pods */,
				CAF4C36F05186FA0FF7D2E32 /* Frameworks */,
			);
			sourceTree = "<group>";
		};
		0C211BC12098E20500266669 /* Products */ = {
			isa = PBXGroup;
			children = (
				0C211BC02098E20500266669 /* Imago Capture.app */,
				0C211BD42098E20600266669 /* Imago CaptureTests.xctest */,
				0C211BDF2098E20600266669 /* Imago CaptureUITests.xctest */,
			);
			name = Products;
			sourceTree = "<group>";
		};
		0C211BC22098E20500266669 /* Imago Capture */ = {
			isa = PBXGroup;
			children = (
				0C211BC32098E20500266669 /* AppDelegate.swift */,
				0C211BC52098E20500266669 /* AnalyzeController.swift */,
				0C84081F209CD9C400902692 /* MenuView.swift */,
				0C840821209CDBA900902692 /* roundedButton.swift */,
				0C9D3A8A20ADF8A7001FB47F /* yourPhotosViewController.swift */,
				0C6E5BC720AF4F08001A9CE5 /* imagePreviewVC.swift */,
				2B6992CB20B2198700F445BD /* Capture (CoreML) */,
				0C18F8F020AB5611004CE76F /* startViewController.swift */,
				0CAC88882098E5AF00C5D44F /* Storyboards */,
				0C211BCA2098E20500266669 /* Assets.xcassets */,
				0C211BCC2098E20500266669 /* LaunchScreen.storyboard */,
				0C211BCF2098E20500266669 /* Info.plist */,
				2B6992C320B216D400F445BD /* Imago Capture-Bridging-Header.h */,
			);
			path = "Imago Capture";
			sourceTree = "<group>";
		};
		0C211BD72098E20600266669 /* Imago CaptureTests */ = {
			isa = PBXGroup;
			children = (
				0C211BD82098E20600266669 /* Imago_CaptureTests.swift */,
				0C211BDA2098E20600266669 /* Info.plist */,
			);
			path = "Imago CaptureTests";
			sourceTree = "<group>";
		};
		0C211BE22098E20600266669 /* Imago CaptureUITests */ = {
			isa = PBXGroup;
			children = (
				0C211BE32098E20600266669 /* Imago_CaptureUITests.swift */,
				0C211BE52098E20600266669 /* Info.plist */,
			);
			path = "Imago CaptureUITests";
			sourceTree = "<group>";
		};
		0CAC88882098E5AF00C5D44F /* Storyboards */ = {
			isa = PBXGroup;
			children = (
				0C211BC72098E20500266669 /* Main.storyboard */,
				0CAC88862098E5AA00C5D44F /* iPad-Storyboard.storyboard */,
			);
			path = Storyboards;
			sourceTree = "<group>";
		};
		2B6992CB20B2198700F445BD /* Capture (CoreML) */ = {
			isa = PBXGroup;
			children = (
				2B6992D120B2270F00F445BD /* Inceptionv3.mlmodel */,
				2B6992D020B219A600F445BD /* CaptureController.swift */,
				2B6992C220B216AD00F445BD /* ImageConverter.h */,
				2B6992C420B216D500F445BD /* NSObject+ImageConverter.h */,
			);
			path = "Capture (CoreML)";
			sourceTree = "<group>";
		};
		957822ECC5D53F90C0E77603 /* Pods */ = {
			isa = PBXGroup;
			children = (
				B1354B9AF57116B903106963 /* Pods-Imago Capture.debug.xcconfig */,
				2BD471618F9EEEB99F2E28F8 /* Pods-Imago Capture.release.xcconfig */,
				A112A5607245AEEF9DF4423F /* Pods-Imago CaptureTests.debug.xcconfig */,
				2D16FAA04CED84404851E8B0 /* Pods-Imago CaptureTests.release.xcconfig */,
				E397BEFFDD12525E10229B74 /* Pods-Imago CaptureUITests.debug.xcconfig */,
				E807DECE59BE988C18D89DCD /* Pods-Imago CaptureUITests.release.xcconfig */,
			);
			name = Pods;
			sourceTree = "<group>";
		};
		CAF4C36F05186FA0FF7D2E32 /* Frameworks */ = {
			isa = PBXGroup;
			children = (
				09C138F521A17485D0A7FECB /* Pods_Imago_Capture.framework */,
				78E687C212D03F6CEC95AED1 /* Pods_Imago_CaptureTests.framework */,
				A24C1E54F03309262C021F92 /* Pods_Imago_CaptureUITests.framework */,
			);
			name = Frameworks;
			sourceTree = "<group>";
		};
/* End PBXGroup section */

/* Begin PBXNativeTarget section */
		0C211BBF2098E20500266669 /* Imago Capture */ = {
			isa = PBXNativeTarget;
			buildConfigurationList = 0C211BE82098E20600266669 /* Build configuration list for PBXNativeTarget "Imago Capture" */;
			buildPhases = (
				04D504C2F2E32946ADFC8796 /* [CP] Check Pods Manifest.lock */,
				0C211BBC2098E20500266669 /* Sources */,
				0C211BBD2098E20500266669 /* Frameworks */,
				0C211BBE2098E20500266669 /* Resources */,
				409DDA4F91A6FBB088E8C186 /* [CP] Embed Pods Frameworks */,
				0C0ADF2220A0D1A8001869B7 /* Embed Watch Content */,
			);
			buildRules = (
			);
			dependencies = (
			);
			name = "Imago Capture";
			productName = "Imago Capture";
			productReference = 0C211BC02098E20500266669 /* Imago Capture.app */;
			productType = "com.apple.product-type.application";
		};
		0C211BD32098E20600266669 /* Imago CaptureTests */ = {
			isa = PBXNativeTarget;
			buildConfigurationList = 0C211BEB2098E20600266669 /* Build configuration list for PBXNativeTarget "Imago CaptureTests" */;
			buildPhases = (
				56A41F591C3B67E08F262D97 /* [CP] Check Pods Manifest.lock */,
				0C211BD02098E20600266669 /* Sources */,
				0C211BD12098E20600266669 /* Frameworks */,
				0C211BD22098E20600266669 /* Resources */,
			);
			buildRules = (
			);
			dependencies = (
				0C211BD62098E20600266669 /* PBXTargetDependency */,
			);
			name = "Imago CaptureTests";
			productName = "Imago CaptureTests";
			productReference = 0C211BD42098E20600266669 /* Imago CaptureTests.xctest */;
			productType = "com.apple.product-type.bundle.unit-test";
		};
		0C211BDE2098E20600266669 /* Imago CaptureUITests */ = {
			isa = PBXNativeTarget;
			buildConfigurationList = 0C211BEE2098E20600266669 /* Build configuration list for PBXNativeTarget "Imago CaptureUITests" */;
			buildPhases = (
				93232FDF092D8F98ED598B6B /* [CP] Check Pods Manifest.lock */,
				0C211BDB2098E20600266669 /* Sources */,
				0C211BDC2098E20600266669 /* Frameworks */,
				0C211BDD2098E20600266669 /* Resources */,
			);
			buildRules = (
			);
			dependencies = (
				0C211BE12098E20600266669 /* PBXTargetDependency */,
			);
			name = "Imago CaptureUITests";
			productName = "Imago CaptureUITests";
			productReference = 0C211BDF2098E20600266669 /* Imago CaptureUITests.xctest */;
			productType = "com.apple.product-type.bundle.ui-testing";
		};
/* End PBXNativeTarget section */

/* Begin PBXProject section */
		0C211BB82098E20500266669 /* Project object */ = {
			isa = PBXProject;
			attributes = {
				LastSwiftUpdateCheck = 0920;
				LastUpgradeCheck = 0920;
				ORGANIZATIONNAME = QuickScape;
				TargetAttributes = {
					0C211BBF2098E20500266669 = {
						CreatedOnToolsVersion = 9.2;
						LastSwiftMigration = 0930;
						ProvisioningStyle = Automatic;
					};
					0C211BD32098E20600266669 = {
						CreatedOnToolsVersion = 9.2;
						ProvisioningStyle = Automatic;
						TestTargetID = 0C211BBF2098E20500266669;
					};
					0C211BDE2098E20600266669 = {
						CreatedOnToolsVersion = 9.2;
						ProvisioningStyle = Automatic;
						TestTargetID = 0C211BBF2098E20500266669;
					};
				};
			};
			buildConfigurationList = 0C211BBB2098E20500266669 /* Build configuration list for PBXProject "Imago Capture" */;
			compatibilityVersion = "Xcode 8.0";
			developmentRegion = en;
			hasScannedForEncodings = 0;
			knownRegions = (
				en,
				Base,
			);
			mainGroup = 0C211BB72098E20500266669;
			productRefGroup = 0C211BC12098E20500266669 /* Products */;
			projectDirPath = "";
			projectRoot = "";
			targets = (
				0C211BBF2098E20500266669 /* Imago Capture */,
				0C211BD32098E20600266669 /* Imago CaptureTests */,
				0C211BDE2098E20600266669 /* Imago CaptureUITests */,
			);
		};
/* End PBXProject section */

/* Begin PBXResourcesBuildPhase section */
		0C211BBE2098E20500266669 /* Resources */ = {
			isa = PBXResourcesBuildPhase;
			buildActionMask = 2147483647;
			files = (
				0C211BCE2098E20500266669 /* LaunchScreen.storyboard in Resources */,
				0CAC88872098E5AA00C5D44F /* iPad-Storyboard.storyboard in Resources */,
				0C211BCB2098E20500266669 /* Assets.xcassets in Resources */,
				0C211BC92098E20500266669 /* Main.storyboard in Resources */,
			);
			runOnlyForDeploymentPostprocessing = 0;
		};
		0C211BD22098E20600266669 /* Resources */ = {
			isa = PBXResourcesBuildPhase;
			buildActionMask = 2147483647;
			files = (
			);
			runOnlyForDeploymentPostprocessing = 0;
		};
		0C211BDD2098E20600266669 /* Resources */ = {
			isa = PBXResourcesBuildPhase;
			buildActionMask = 2147483647;
			files = (
			);
			runOnlyForDeploymentPostprocessing = 0;
		};
/* End PBXResourcesBuildPhase section */

/* Begin PBXShellScriptBuildPhase section */
		04D504C2F2E32946ADFC8796 /* [CP] Check Pods Manifest.lock */ = {
			isa = PBXShellScriptBuildPhase;
			buildActionMask = 2147483647;
			files = (
			);
			inputPaths = (
				"${PODS_PODFILE_DIR_PATH}/Podfile.lock",
				"${PODS_ROOT}/Manifest.lock",
			);
			name = "[CP] Check Pods Manifest.lock";
			outputPaths = (
				"$(DERIVED_FILE_DIR)/Pods-Imago Capture-checkManifestLockResult.txt",
			);
			runOnlyForDeploymentPostprocessing = 0;
			shellPath = /bin/sh;
			shellScript = "diff \"${PODS_PODFILE_DIR_PATH}/Podfile.lock\" \"${PODS_ROOT}/Manifest.lock\" > /dev/null\nif [ $? != 0 ] ; then\n    # print error to STDERR\n    echo \"error: The sandbox is not in sync with the Podfile.lock. Run 'pod install' or update your CocoaPods installation.\" >&2\n    exit 1\nfi\n# This output is used by Xcode 'outputs' to avoid re-running this script phase.\necho \"SUCCESS\" > \"${SCRIPT_OUTPUT_FILE_0}\"\n";
			showEnvVarsInLog = 0;
		};
		409DDA4F91A6FBB088E8C186 /* [CP] Embed Pods Frameworks */ = {
			isa = PBXShellScriptBuildPhase;
			buildActionMask = 2147483647;
			files = (
			);
			inputPaths = (
				"${SRCROOT}/Pods/Target Support Files/Pods-Imago Capture/Pods-Imago Capture-frameworks.sh",
				"${BUILT_PRODUCTS_DIR}/BFOAuth/BFOAuth.framework",
				"${BUILT_PRODUCTS_DIR}/CloudSight/CloudSight.framework",
				"${PODS_ROOT}/Instabug/Instabug.framework",
				"${PODS_ROOT}/Instabug/Instabug.framework.dSYM",
				"${PODS_ROOT}/Instabug/InstabugCore.framework",
				"${PODS_ROOT}/Instabug/InstabugCore.framework.dSYM",
				"${BUILT_PRODUCTS_DIR}/RequestUtils/RequestUtils.framework",
				"${BUILT_PRODUCTS_DIR}/SwiftyJSON/SwiftyJSON.framework",
			);
			name = "[CP] Embed Pods Frameworks";
			outputPaths = (
				"${TARGET_BUILD_DIR}/${FRAMEWORKS_FOLDER_PATH}/BFOAuth.framework",
				"${TARGET_BUILD_DIR}/${FRAMEWORKS_FOLDER_PATH}/CloudSight.framework",
				"${TARGET_BUILD_DIR}/${FRAMEWORKS_FOLDER_PATH}/Instabug.framework",
				"${DWARF_DSYM_FOLDER_PATH}/Instabug.framework.dSYM",
				"${TARGET_BUILD_DIR}/${FRAMEWORKS_FOLDER_PATH}/InstabugCore.framework",
				"${DWARF_DSYM_FOLDER_PATH}/InstabugCore.framework.dSYM",
				"${TARGET_BUILD_DIR}/${FRAMEWORKS_FOLDER_PATH}/RequestUtils.framework",
				"${TARGET_BUILD_DIR}/${FRAMEWORKS_FOLDER_PATH}/SwiftyJSON.framework",
			);
			runOnlyForDeploymentPostprocessing = 0;
			shellPath = /bin/sh;
			shellScript = "\"${SRCROOT}/Pods/Target Support Files/Pods-Imago Capture/Pods-Imago Capture-frameworks.sh\"\n";
			showEnvVarsInLog = 0;
		};
		56A41F591C3B67E08F262D97 /* [CP] Check Pods Manifest.lock */ = {
			isa = PBXShellScriptBuildPhase;
			buildActionMask = 2147483647;
			files = (
			);
			inputPaths = (
				"${PODS_PODFILE_DIR_PATH}/Podfile.lock",
				"${PODS_ROOT}/Manifest.lock",
			);
			name = "[CP] Check Pods Manifest.lock";
			outputPaths = (
				"$(DERIVED_FILE_DIR)/Pods-Imago CaptureTests-checkManifestLockResult.txt",
			);
			runOnlyForDeploymentPostprocessing = 0;
			shellPath = /bin/sh;
			shellScript = "diff \"${PODS_PODFILE_DIR_PATH}/Podfile.lock\" \"${PODS_ROOT}/Manifest.lock\" > /dev/null\nif [ $? != 0 ] ; then\n    # print error to STDERR\n    echo \"error: The sandbox is not in sync with the Podfile.lock. Run 'pod install' or update your CocoaPods installation.\" >&2\n    exit 1\nfi\n# This output is used by Xcode 'outputs' to avoid re-running this script phase.\necho \"SUCCESS\" > \"${SCRIPT_OUTPUT_FILE_0}\"\n";
			showEnvVarsInLog = 0;
		};
		93232FDF092D8F98ED598B6B /* [CP] Check Pods Manifest.lock */ = {
			isa = PBXShellScriptBuildPhase;
			buildActionMask = 2147483647;
			files = (
			);
			inputPaths = (
				"${PODS_PODFILE_DIR_PATH}/Podfile.lock",
				"${PODS_ROOT}/Manifest.lock",
			);
			name = "[CP] Check Pods Manifest.lock";
			outputPaths = (
				"$(DERIVED_FILE_DIR)/Pods-Imago CaptureUITests-checkManifestLockResult.txt",
			);
			runOnlyForDeploymentPostprocessing = 0;
			shellPath = /bin/sh;
			shellScript = "diff \"${PODS_PODFILE_DIR_PATH}/Podfile.lock\" \"${PODS_ROOT}/Manifest.lock\" > /dev/null\nif [ $? != 0 ] ; then\n    # print error to STDERR\n    echo \"error: The sandbox is not in sync with the Podfile.lock. Run 'pod install' or update your CocoaPods installation.\" >&2\n    exit 1\nfi\n# This output is used by Xcode 'outputs' to avoid re-running this script phase.\necho \"SUCCESS\" > \"${SCRIPT_OUTPUT_FILE_0}\"\n";
			showEnvVarsInLog = 0;
		};
/* End PBXShellScriptBuildPhase section */

/* Begin PBXSourcesBuildPhase section */
		0C211BBC2098E20500266669 /* Sources */ = {
			isa = PBXSourcesBuildPhase;
			buildActionMask = 2147483647;
			files = (
				0C211BC62098E20500266669 /* AnalyzeController.swift in Sources */,
				0C18F8F120AB5611004CE76F /* startViewController.swift in Sources */,
				0C9D3A8B20ADF8A7001FB47F /* yourPhotosViewController.swift in Sources */,
				0C6E5BC820AF4F08001A9CE5 /* imagePreviewVC.swift in Sources */,
				0C840820209CD9C400902692 /* MenuView.swift in Sources */,
				2B6992D220B2271000F445BD /* Inceptionv3.mlmodel in Sources */,
				0C211BC42098E20500266669 /* AppDelegate.swift in Sources */,
				0C840822209CDBA900902692 /* roundedButton.swift in Sources */,
			);
			runOnlyForDeploymentPostprocessing = 0;
		};
		0C211BD02098E20600266669 /* Sources */ = {
			isa = PBXSourcesBuildPhase;
			buildActionMask = 2147483647;
			files = (
				0C211BD92098E20600266669 /* Imago_CaptureTests.swift in Sources */,
			);
			runOnlyForDeploymentPostprocessing = 0;
		};
		0C211BDB2098E20600266669 /* Sources */ = {
			isa = PBXSourcesBuildPhase;
			buildActionMask = 2147483647;
			files = (
				0C211BE42098E20600266669 /* Imago_CaptureUITests.swift in Sources */,
			);
			runOnlyForDeploymentPostprocessing = 0;
		};
/* End PBXSourcesBuildPhase section */

/* Begin PBXTargetDependency section */
		0C211BD62098E20600266669 /* PBXTargetDependency */ = {
			isa = PBXTargetDependency;
			target = 0C211BBF2098E20500266669 /* Imago Capture */;
			targetProxy = 0C211BD52098E20600266669 /* PBXContainerItemProxy */;
		};
		0C211BE12098E20600266669 /* PBXTargetDependency */ = {
			isa = PBXTargetDependency;
			target = 0C211BBF2098E20500266669 /* Imago Capture */;
			targetProxy = 0C211BE02098E20600266669 /* PBXContainerItemProxy */;
		};
/* End PBXTargetDependency section */

/* Begin PBXVariantGroup section */
		0C211BC72098E20500266669 /* Main.storyboard */ = {
			isa = PBXVariantGroup;
			children = (
				0C211BC82098E20500266669 /* Base */,
			);
			name = Main.storyboard;
			sourceTree = "<group>";
		};
		0C211BCC2098E20500266669 /* LaunchScreen.storyboard */ = {
			isa = PBXVariantGroup;
			children = (
				0C211BCD2098E20500266669 /* Base */,
			);
			name = LaunchScreen.storyboard;
			sourceTree = "<group>";
		};
/* End PBXVariantGroup section */

/* Begin XCBuildConfiguration section */
		0C211BE62098E20600266669 /* Debug */ = {
			isa = XCBuildConfiguration;
			buildSettings = {
				ALWAYS_SEARCH_USER_PATHS = NO;
				CLANG_ANALYZER_NONNULL = YES;
				CLANG_ANALYZER_NUMBER_OBJECT_CONVERSION = YES_AGGRESSIVE;
				CLANG_CXX_LANGUAGE_STANDARD = "gnu++14";
				CLANG_CXX_LIBRARY = "libc++";
				CLANG_ENABLE_MODULES = YES;
				CLANG_ENABLE_OBJC_ARC = YES;
				CLANG_WARN_BLOCK_CAPTURE_AUTORELEASING = YES;
				CLANG_WARN_BOOL_CONVERSION = YES;
				CLANG_WARN_COMMA = YES;
				CLANG_WARN_CONSTANT_CONVERSION = YES;
				CLANG_WARN_DIRECT_OBJC_ISA_USAGE = YES_ERROR;
				CLANG_WARN_DOCUMENTATION_COMMENTS = YES;
				CLANG_WARN_EMPTY_BODY = YES;
				CLANG_WARN_ENUM_CONVERSION = YES;
				CLANG_WARN_INFINITE_RECURSION = YES;
				CLANG_WARN_INT_CONVERSION = YES;
				CLANG_WARN_NON_LITERAL_NULL_CONVERSION = YES;
				CLANG_WARN_OBJC_LITERAL_CONVERSION = YES;
				CLANG_WARN_OBJC_ROOT_CLASS = YES_ERROR;
				CLANG_WARN_RANGE_LOOP_ANALYSIS = YES;
				CLANG_WARN_STRICT_PROTOTYPES = YES;
				CLANG_WARN_SUSPICIOUS_MOVE = YES;
				CLANG_WARN_UNGUARDED_AVAILABILITY = YES_AGGRESSIVE;
				CLANG_WARN_UNREACHABLE_CODE = YES;
				CLANG_WARN__DUPLICATE_METHOD_MATCH = YES;
				CODE_SIGN_IDENTITY = "iPhone Developer";
				COPY_PHASE_STRIP = NO;
				DEBUG_INFORMATION_FORMAT = dwarf;
				ENABLE_STRICT_OBJC_MSGSEND = YES;
				ENABLE_TESTABILITY = YES;
				GCC_C_LANGUAGE_STANDARD = gnu11;
				GCC_DYNAMIC_NO_PIC = NO;
				GCC_NO_COMMON_BLOCKS = YES;
				GCC_OPTIMIZATION_LEVEL = 0;
				GCC_PREPROCESSOR_DEFINITIONS = (
					"DEBUG=1",
					"$(inherited)",
				);
				GCC_WARN_64_TO_32_BIT_CONVERSION = YES;
				GCC_WARN_ABOUT_RETURN_TYPE = YES_ERROR;
				GCC_WARN_UNDECLARED_SELECTOR = YES;
				GCC_WARN_UNINITIALIZED_AUTOS = YES_AGGRESSIVE;
				GCC_WARN_UNUSED_FUNCTION = YES;
				GCC_WARN_UNUSED_VARIABLE = YES;
				IPHONEOS_DEPLOYMENT_TARGET = 11.2;
				MTL_ENABLE_DEBUG_INFO = YES;
				ONLY_ACTIVE_ARCH = YES;
				SDKROOT = iphoneos;
				SWIFT_ACTIVE_COMPILATION_CONDITIONS = DEBUG;
				SWIFT_OPTIMIZATION_LEVEL = "-Onone";
			};
			name = Debug;
		};
		0C211BE72098E20600266669 /* Release */ = {
			isa = XCBuildConfiguration;
			buildSettings = {
				ALWAYS_SEARCH_USER_PATHS = NO;
				CLANG_ANALYZER_NONNULL = YES;
				CLANG_ANALYZER_NUMBER_OBJECT_CONVERSION = YES_AGGRESSIVE;
				CLANG_CXX_LANGUAGE_STANDARD = "gnu++14";
				CLANG_CXX_LIBRARY = "libc++";
				CLANG_ENABLE_MODULES = YES;
				CLANG_ENABLE_OBJC_ARC = YES;
				CLANG_WARN_BLOCK_CAPTURE_AUTORELEASING = YES;
				CLANG_WARN_BOOL_CONVERSION = YES;
				CLANG_WARN_COMMA = YES;
				CLANG_WARN_CONSTANT_CONVERSION = YES;
				CLANG_WARN_DIRECT_OBJC_ISA_USAGE = YES_ERROR;
				CLANG_WARN_DOCUMENTATION_COMMENTS = YES;
				CLANG_WARN_EMPTY_BODY = YES;
				CLANG_WARN_ENUM_CONVERSION = YES;
				CLANG_WARN_INFINITE_RECURSION = YES;
				CLANG_WARN_INT_CONVERSION = YES;
				CLANG_WARN_NON_LITERAL_NULL_CONVERSION = YES;
				CLANG_WARN_OBJC_LITERAL_CONVERSION = YES;
				CLANG_WARN_OBJC_ROOT_CLASS = YES_ERROR;
				CLANG_WARN_RANGE_LOOP_ANALYSIS = YES;
				CLANG_WARN_STRICT_PROTOTYPES = YES;
				CLANG_WARN_SUSPICIOUS_MOVE = YES;
				CLANG_WARN_UNGUARDED_AVAILABILITY = YES_AGGRESSIVE;
				CLANG_WARN_UNREACHABLE_CODE = YES;
				CLANG_WARN__DUPLICATE_METHOD_MATCH = YES;
				CODE_SIGN_IDENTITY = "iPhone Developer";
				COPY_PHASE_STRIP = NO;
				DEBUG_INFORMATION_FORMAT = "dwarf-with-dsym";
				ENABLE_NS_ASSERTIONS = NO;
				ENABLE_STRICT_OBJC_MSGSEND = YES;
				GCC_C_LANGUAGE_STANDARD = gnu11;
				GCC_NO_COMMON_BLOCKS = YES;
				GCC_WARN_64_TO_32_BIT_CONVERSION = YES;
				GCC_WARN_ABOUT_RETURN_TYPE = YES_ERROR;
				GCC_WARN_UNDECLARED_SELECTOR = YES;
				GCC_WARN_UNINITIALIZED_AUTOS = YES_AGGRESSIVE;
				GCC_WARN_UNUSED_FUNCTION = YES;
				GCC_WARN_UNUSED_VARIABLE = YES;
				IPHONEOS_DEPLOYMENT_TARGET = 11.2;
				MTL_ENABLE_DEBUG_INFO = NO;
				SDKROOT = iphoneos;
				SWIFT_OPTIMIZATION_LEVEL = "-Owholemodule";
				VALIDATE_PRODUCT = YES;
			};
			name = Release;
		};
		0C211BE92098E20600266669 /* Debug */ = {
			isa = XCBuildConfiguration;
			baseConfigurationReference = B1354B9AF57116B903106963 /* Pods-Imago Capture.debug.xcconfig */;
			buildSettings = {
				ASSETCATALOG_COMPILER_APPICON_NAME = AppIcon;
				CLANG_ENABLE_MODULES = YES;
				CODE_SIGN_STYLE = Automatic;
				DEVELOPMENT_TEAM = 7VZ9SCP79Z;
				INFOPLIST_FILE = "Imago Capture/Info.plist";
				IPHONEOS_DEPLOYMENT_TARGET = 10.0;
				LD_RUNPATH_SEARCH_PATHS = "$(inherited) @executable_path/Frameworks";
				PRODUCT_BUNDLE_IDENTIFIER = "QuickScape.Imago-Capture";
				PRODUCT_NAME = "$(TARGET_NAME)";
				SWIFT_OBJC_BRIDGING_HEADER = "Imago Capture/Imago Capture-Bridging-Header.h";
				SWIFT_OPTIMIZATION_LEVEL = "-Onone";
				SWIFT_VERSION = 3.0;
				TARGETED_DEVICE_FAMILY = "1,2";
			};
			name = Debug;
		};
		0C211BEA2098E20600266669 /* Release */ = {
			isa = XCBuildConfiguration;
			baseConfigurationReference = 2BD471618F9EEEB99F2E28F8 /* Pods-Imago Capture.release.xcconfig */;
			buildSettings = {
				ASSETCATALOG_COMPILER_APPICON_NAME = AppIcon;
				CLANG_ENABLE_MODULES = YES;
				CODE_SIGN_STYLE = Automatic;
				DEVELOPMENT_TEAM = 7VZ9SCP79Z;
				INFOPLIST_FILE = "Imago Capture/Info.plist";
				IPHONEOS_DEPLOYMENT_TARGET = 10.0;
				LD_RUNPATH_SEARCH_PATHS = "$(inherited) @executable_path/Frameworks";
				PRODUCT_BUNDLE_IDENTIFIER = "QuickScape.Imago-Capture";
				PRODUCT_NAME = "$(TARGET_NAME)";
				SWIFT_OBJC_BRIDGING_HEADER = "Imago Capture/Imago Capture-Bridging-Header.h";
				SWIFT_VERSION = 3.0;
				TARGETED_DEVICE_FAMILY = "1,2";
			};
			name = Release;
		};
		0C211BEC2098E20600266669 /* Debug */ = {
			isa = XCBuildConfiguration;
			baseConfigurationReference = A112A5607245AEEF9DF4423F /* Pods-Imago CaptureTests.debug.xcconfig */;
			buildSettings = {
				ALWAYS_EMBED_SWIFT_STANDARD_LIBRARIES = YES;
				BUNDLE_LOADER = "$(TEST_HOST)";
				CODE_SIGN_STYLE = Automatic;
				DEVELOPMENT_TEAM = Z8US8ZFZ7U;
				INFOPLIST_FILE = "Imago CaptureTests/Info.plist";
				LD_RUNPATH_SEARCH_PATHS = "$(inherited) @executable_path/Frameworks @loader_path/Frameworks";
				PRODUCT_BUNDLE_IDENTIFIER = "QS.Imago-CaptureTests";
				PRODUCT_NAME = "$(TARGET_NAME)";
				SWIFT_VERSION = 4.0;
				TARGETED_DEVICE_FAMILY = "1,2";
				TEST_HOST = "$(BUILT_PRODUCTS_DIR)/Imago Capture.app/Imago Capture";
			};
			name = Debug;
		};
		0C211BED2098E20600266669 /* Release */ = {
			isa = XCBuildConfiguration;
			baseConfigurationReference = 2D16FAA04CED84404851E8B0 /* Pods-Imago CaptureTests.release.xcconfig */;
			buildSettings = {
				ALWAYS_EMBED_SWIFT_STANDARD_LIBRARIES = YES;
				BUNDLE_LOADER = "$(TEST_HOST)";
				CODE_SIGN_STYLE = Automatic;
				DEVELOPMENT_TEAM = Z8US8ZFZ7U;
				INFOPLIST_FILE = "Imago CaptureTests/Info.plist";
				LD_RUNPATH_SEARCH_PATHS = "$(inherited) @executable_path/Frameworks @loader_path/Frameworks";
				PRODUCT_BUNDLE_IDENTIFIER = "QS.Imago-CaptureTests";
				PRODUCT_NAME = "$(TARGET_NAME)";
				SWIFT_VERSION = 4.0;
				TARGETED_DEVICE_FAMILY = "1,2";
				TEST_HOST = "$(BUILT_PRODUCTS_DIR)/Imago Capture.app/Imago Capture";
			};
			name = Release;
		};
		0C211BEF2098E20600266669 /* Debug */ = {
			isa = XCBuildConfiguration;
			baseConfigurationReference = E397BEFFDD12525E10229B74 /* Pods-Imago CaptureUITests.debug.xcconfig */;
			buildSettings = {
				ALWAYS_EMBED_SWIFT_STANDARD_LIBRARIES = YES;
				CODE_SIGN_STYLE = Automatic;
				DEVELOPMENT_TEAM = Z8US8ZFZ7U;
				INFOPLIST_FILE = "Imago CaptureUITests/Info.plist";
				LD_RUNPATH_SEARCH_PATHS = "$(inherited) @executable_path/Frameworks @loader_path/Frameworks";
				PRODUCT_BUNDLE_IDENTIFIER = "QS.Imago-CaptureUITests";
				PRODUCT_NAME = "$(TARGET_NAME)";
				SWIFT_VERSION = 4.0;
				TARGETED_DEVICE_FAMILY = "1,2";
				TEST_TARGET_NAME = "Imago Capture";
			};
			name = Debug;
		};
		0C211BF02098E20600266669 /* Release */ = {
			isa = XCBuildConfiguration;
			baseConfigurationReference = E807DECE59BE988C18D89DCD /* Pods-Imago CaptureUITests.release.xcconfig */;
			buildSettings = {
				ALWAYS_EMBED_SWIFT_STANDARD_LIBRARIES = YES;
				CODE_SIGN_STYLE = Automatic;
				DEVELOPMENT_TEAM = Z8US8ZFZ7U;
				INFOPLIST_FILE = "Imago CaptureUITests/Info.plist";
				LD_RUNPATH_SEARCH_PATHS = "$(inherited) @executable_path/Frameworks @loader_path/Frameworks";
				PRODUCT_BUNDLE_IDENTIFIER = "QS.Imago-CaptureUITests";
				PRODUCT_NAME = "$(TARGET_NAME)";
				SWIFT_VERSION = 4.0;
				TARGETED_DEVICE_FAMILY = "1,2";
				TEST_TARGET_NAME = "Imago Capture";
			};
			name = Release;
		};
/* End XCBuildConfiguration section */

/* Begin XCConfigurationList section */
		0C211BBB2098E20500266669 /* Build configuration list for PBXProject "Imago Capture" */ = {
			isa = XCConfigurationList;
			buildConfigurations = (
				0C211BE62098E20600266669 /* Debug */,
				0C211BE72098E20600266669 /* Release */,
			);
			defaultConfigurationIsVisible = 0;
			defaultConfigurationName = Release;
		};
		0C211BE82098E20600266669 /* Build configuration list for PBXNativeTarget "Imago Capture" */ = {
			isa = XCConfigurationList;
			buildConfigurations = (
				0C211BE92098E20600266669 /* Debug */,
				0C211BEA2098E20600266669 /* Release */,
			);
			defaultConfigurationIsVisible = 0;
			defaultConfigurationName = Release;
		};
		0C211BEB2098E20600266669 /* Build configuration list for PBXNativeTarget "Imago CaptureTests" */ = {
			isa = XCConfigurationList;
			buildConfigurations = (
				0C211BEC2098E20600266669 /* Debug */,
				0C211BED2098E20600266669 /* Release */,
			);
			defaultConfigurationIsVisible = 0;
			defaultConfigurationName = Release;
		};
		0C211BEE2098E20600266669 /* Build configuration list for PBXNativeTarget "Imago CaptureUITests" */ = {
			isa = XCConfigurationList;
			buildConfigurations = (
				0C211BEF2098E20600266669 /* Debug */,
				0C211BF02098E20600266669 /* Release */,
			);
			defaultConfigurationIsVisible = 0;
			defaultConfigurationName = Release;
		};
/* End XCConfigurationList section */
	};
	rootObject = 0C211BB82098E20500266669 /* Project object */;
}
